{
    "format_version": "1.0",
    "provider_schemas": {
        "registry.terraform.io/johanlundberg92/cleuracloud": {
            "provider": {
                "version": 0,
                "block": {
                    "attributes": {
                        "api_url": {
                            "type": "string",
                            "description": "Url for Cleura API. May also be provided via CLEURA_URL environment variable.",
                            "description_kind": "plain",
                            "optional": true
                        },
                        "domain_id": {
                            "type": "string",
                            "description": "DomainId for Cleura API. May also be provided via CLEURA_DOMAIN_ID environment variable.",
                            "description_kind": "plain",
                            "optional": true
                        },
                        "password": {
                            "type": "string",
                            "description": "Password for Cleura API. May also be provided via CLEURA_PW environment variable.",
                            "description_kind": "plain",
                            "optional": true,
                            "sensitive": true
                        },
                        "username": {
                            "type": "string",
                            "description": "Username for Cleura API. May also be provided via CLEURA_USER environment variable.",
                            "description_kind": "plain",
                            "optional": true
                        }
                    },
                    "description": "Interact with Cleura.",
                    "description_kind": "plain"
                }
            },
            "resource_schemas": {
                "cleuracloud_openstack_user": {
                    "version": 0,
                    "block": {
                        "attributes": {
                            "default_project_id": {
                                "type": "string",
                                "description_kind": "plain",
                                "optional": true
                            },
                            "description": {
                                "type": "string",
                                "description_kind": "plain",
                                "optional": true
                            },
                            "domain_id": {
                                "type": "string",
                                "description_kind": "plain",
                                "required": true
                            },
                            "enabled": {
                                "type": "bool",
                                "description_kind": "plain",
                                "required": true
                            },
                            "id": {
                                "type": "string",
                                "description_kind": "plain",
                                "computed": true
                            },
                            "name": {
                                "type": "string",
                                "description_kind": "plain",
                                "required": true
                            },
                            "projects": {
                                "nested_type": {
                                    "attributes": {
                                        "id": {
                                            "type": "string",
                                            "description_kind": "plain",
                                            "required": true
                                        },
                                        "roles": {
                                            "type": [
                                                "set",
                                                "string"
                                            ],
                                            "description_kind": "plain",
                                            "required": true
                                        }
                                    },
                                    "nesting_mode": "list"
                                },
                                "description_kind": "plain",
                                "required": true
                            }
                        },
                        "description": "Creates a user in Cleura Cloud",
                        "description_kind": "plain"
                    }
                }
            },
            "data_source_schemas": {
                "cleuracloud_ccp_user": {
                    "version": 0,
                    "block": {
                        "attributes": {
                            "admin": {
                                "type": "bool",
                                "description_kind": "plain",
                                "computed": true
                            },
                            "email": {
                                "type": "string",
                                "description_kind": "plain",
                                "computed": true
                            },
                            "first_name": {
                                "type": "string",
                                "description_kind": "plain",
                                "computed": true
                            },
                            "id": {
                                "type": "string",
                                "description_kind": "plain",
                                "required": true
                            },
                            "ip_restrictions": {
                                "type": [
                                    "set",
                                    "string"
                                ],
                                "description_kind": "plain",
                                "computed": true
                            },
                            "language": {
                                "type": "string",
                                "description_kind": "plain",
                                "computed": true
                            },
                            "last_name": {
                                "type": "string",
                                "description_kind": "plain",
                                "computed": true
                            },
                            "name": {
                                "type": "string",
                                "description_kind": "plain",
                                "computed": true
                            },
                            "privileges": {
                                "nested_type": {
                                    "attributes": {
                                        "invoice_privileges": {
                                            "nested_type": {
                                                "attributes": {
                                                    "meta": {
                                                        "type": "string",
                                                        "description_kind": "plain",
                                                        "computed": true
                                                    },
                                                    "type": {
                                                        "type": "string",
                                                        "description_kind": "plain",
                                                        "computed": true
                                                    }
                                                },
                                                "nesting_mode": "list"
                                            },
                                            "description_kind": "plain",
                                            "computed": true
                                        },
                                        "openstack_privileges": {
                                            "nested_type": {
                                                "attributes": {
                                                    "meta": {
                                                        "type": "string",
                                                        "description_kind": "plain",
                                                        "computed": true
                                                    },
                                                    "project_privileges": {
                                                        "nested_type": {
                                                            "attributes": {
                                                                "domain_id": {
                                                                    "type": "string",
                                                                    "description_kind": "plain",
                                                                    "computed": true
                                                                },
                                                                "project_id": {
                                                                    "type": "string",
                                                                    "description_kind": "plain",
                                                                    "computed": true
                                                                },
                                                                "type": {
                                                                    "type": "string",
                                                                    "description_kind": "plain",
                                                                    "computed": true
                                                                }
                                                            },
                                                            "nesting_mode": "list"
                                                        },
                                                        "description_kind": "plain",
                                                        "computed": true
                                                    },
                                                    "type": {
                                                        "type": "string",
                                                        "description_kind": "plain",
                                                        "computed": true
                                                    }
                                                },
                                                "nesting_mode": "list"
                                            },
                                            "description_kind": "plain",
                                            "computed": true
                                        }
                                    },
                                    "nesting_mode": "list"
                                },
                                "description_kind": "plain",
                                "computed": true
                            },
                            "two_factor_login": {
                                "type": "string",
                                "description_kind": "plain",
                                "computed": true
                            }
                        },
                        "description": "Fetches a CCP user in Cleura Cloud",
                        "description_kind": "plain"
                    }
                },
                "cleuracloud_openstack_user": {
                    "version": 0,
                    "block": {
                        "attributes": {
                            "default_project_id": {
                                "type": "string",
                                "description_kind": "plain",
                                "computed": true
                            },
                            "description": {
                                "type": "string",
                                "description_kind": "plain",
                                "computed": true
                            },
                            "domain_id": {
                                "type": "string",
                                "description_kind": "plain",
                                "computed": true
                            },
                            "enabled": {
                                "type": "bool",
                                "description_kind": "plain",
                                "computed": true
                            },
                            "id": {
                                "type": "string",
                                "description_kind": "plain",
                                "required": true
                            },
                            "name": {
                                "type": "string",
                                "description_kind": "plain",
                                "computed": true
                            },
                            "projects": {
                                "nested_type": {
                                    "attributes": {
                                        "domain_id": {
                                            "type": "string",
                                            "description_kind": "plain",
                                            "computed": true
                                        },
                                        "id": {
                                            "type": "string",
                                            "description_kind": "plain",
                                            "computed": true
                                        },
                                        "name": {
                                            "type": "string",
                                            "description_kind": "plain",
                                            "computed": true
                                        },
                                        "roles": {
                                            "nested_type": {
                                                "attributes": {
                                                    "id": {
                                                        "type": "string",
                                                        "description_kind": "plain",
                                                        "computed": true
                                                    },
                                                    "name": {
                                                        "type": "string",
                                                        "description_kind": "plain",
                                                        "computed": true
                                                    }
                                                },
                                                "nesting_mode": "list"
                                            },
                                            "description_kind": "plain",
                                            "computed": true
                                        }
                                    },
                                    "nesting_mode": "list"
                                },
                                "description_kind": "plain",
                                "computed": true
                            }
                        },
                        "description": "Fetches a user in Cleura Cloud",
                        "description_kind": "plain"
                    }
                }
            }
        }
    }
}